
Microsoft Visual Studio Solution File, Format Version 12.00
# Visual Studio Version 16
VisualStudioVersion = 16.0.31515.178
MinimumVisualStudioVersion = 10.0.40219.1
Project("{FAE04EC0-301F-11D3-BF4B-00C04F79EFBC}") = "SignalRFirs", "SignalRFirs\SignalRFirs.csproj", "{27E1B4DF-B176-496D-A906-1300309F6AFD}"
EndProject
Global
	GlobalSection(SolutionConfigurationPlatforms) = preSolution
		Debug|Any CPU = Debug|Any CPU
		Release|Any CPU = Release|Any CPU
	EndGlobalSection
	GlobalSection(ProjectConfigurationPlatforms) = postSolution
		{27E1B4DF-B176-496D-A906-1300309F6AFD}.Debug|Any CPU.ActiveCfg = Debug|Any CPU
		{27E1B4DF-B176-496D-A906-1300309F6AFD}.Debug|Any CPU.Build.0 = Debug|Any CPU
		{27E1B4DF-B176-496D-A906-1300309F6AFD}.Release|Any CPU.ActiveCfg = Release|Any CPU
		{27E1B4DF-B176-496D-A906-1300309F6AFD}.Release|Any CPU.Build.0 = Release|Any CPU
	EndGlobalSection
	GlobalSection(SolutionProperties) = preSolution
		HideSolutionNode = FALSE
	EndGlobalSection
	GlobalSection(ExtensibilityGlobals) = postSolution
		SolutionGuid = {2334205F-3BB4-4C9C-BF2C-512F17E2E3B8}
	EndGlobalSection
EndGlobal
